
Microsoft Visual Studio Solution File, Format Version 12.00
# Visual Studio Version 16
VisualStudioVersion = 16.0.29418.71
MinimumVisualStudioVersion = 10.0.40219.1
Project("{888888A0-9F3D-457C-B088-3A5042F75D52}") = "SnakeisFine", "SnakeisFine.pyproj", "{E075F967-F9DF-4222-BAB2-01404F695910}"
EndProject
Global
	GlobalSection(SolutionConfigurationPlatforms) = preSolution
		Debug|Any CPU = Debug|Any CPU
		Release|Any CPU = Release|Any CPU
	EndGlobalSection
	GlobalSection(ProjectConfigurationPlatforms) = postSolution
		{E075F967-F9DF-4222-BAB2-01404F695910}.Debug|Any CPU.ActiveCfg = Debug|Any CPU
		{E075F967-F9DF-4222-BAB2-01404F695910}.Release|Any CPU.ActiveCfg = Release|Any CPU
	EndGlobalSection
	GlobalSection(SolutionProperties) = preSolution
		HideSolutionNode = FALSE
	EndGlobalSection
	GlobalSection(ExtensibilityGlobals) = postSolution
		SolutionGuid = {4E9DBA15-C987-4032-AEB4-11875C808F66}
	EndGlobalSection
EndGlobal
